<?xml version="1.0" encoding="utf-8"?>
<Project ToolsVersion="4.0" xmlns="http://schemas.microsoft.com/developer/msbuild/2003">
  <ItemGroup>
    <Filter Include="GLES_Merge_.iOS">
      <UniqueIdentifier>{168e4c9c-3963-4229-ad95-ee11316b4701}</UniqueIdentifier>
    </Filter>
    <Filter Include="GLES_Merge_.iOS\Images.xcassets">
      <UniqueIdentifier>{41550fac-22c3-47cf-9e5c-efac4fed5ef5}</UniqueIdentifier>
      <Extensions>GLES_Merge_.iOS\Images.xcassets\*</Extensions>
    </Filter>
    <Filter Include="GLES_Merge_.iOS\Images.xcassets\AppIcon.appiconset">
      <UniqueIdentifier>{70531a37-453d-4aba-8d2f-0e53b239e628}</UniqueIdentifier>
      <Extensions>GLES_Merge_.iOS\Images.xcassets\AppIcon.appiconset\*</Extensions>
    </Filter>
    <Filter Include="GLES_Merge_.iOS\Supporting Files">
      <UniqueIdentifier>{77d31fc0-570c-43cf-a0ab-6f735085736a}</UniqueIdentifier>
    </Filter>
  </ItemGroup>
  <ItemGroup>
    <ClCompile Include="GLES_Merge_.iOS\AppDelegate.m">
      <Filter>GLES_Merge_.iOS</Filter>
    </ClCompile>
    <ClCompile Include="GLES_Merge_.iOS\GameViewController.m">
      <Filter>GLES_Merge_.iOS</Filter>
    </ClCompile>
    <ClCompile Include="GLES_Merge_.iOS\main.m">
      <Filter>GLES_Merge_.iOS\Supporting Files</Filter>
    </ClCompile>
    <ClInclude Include="GLES_Merge_.iOS\AppDelegate.h">
      <Filter>GLES_Merge_.iOS</Filter>
    </ClInclude>
    <ClInclude Include="GLES_Merge_.iOS\GameViewController.h">
      <Filter>GLES_Merge_.iOS</Filter>
    </ClInclude>
    <Content Include="GLES_Merge_.iOS\Base.lproj\Main.storyboard">
      <Filter>GLES_Merge_.iOS</Filter>
    </Content>
    <Content Include="GLES_Merge_.iOS\Images.xcassets\AppIcon.appiconset\Contents.json">
      <Filter>GLES_Merge_.iOS\Images.xcassets\AppIcon.appiconset</Filter>
    </Content>
    <InfoPlist Include="GLES_Merge_.iOS\Info.plist">
      <Filter>GLES_Merge_.iOS\Supporting Files</Filter>
    </InfoPlist>
  </ItemGroup>
</Project>