
Microsoft Visual Studio Solution File, Format Version 12.00
# Visual Studio Version 17
VisualStudioVersion = 17.2.32616.157
MinimumVisualStudioVersion = 10.0.40219.1
Project("{2150E333-8FDC-42A3-9474-1A3956D46DE8}") = "GLES_Merge_", "GLES_Merge_", "{9BA283D4-C1A4-4272-ACA0-67FCB6B0BF12}"
EndProject
Project("{39E2626F-3545-4960-A6E8-258AD8476CE5}") = "GLES_Merge_.Android.Packaging", "GLES_Merge_.Android.Packaging\GLES_Merge_.Android.Packaging.androidproj", "{3AB2F903-9223-4379-AA64-FEE60AD8C1C4}"
EndProject
Project("{740547C8-F205-44CF-8284-0B59C7DD69BD}") = "GLES_Merge_.iOS.Application", "GLES_Merge_.iOS.Application\GLES_Merge_.iOS.Application.xcodeproj\project.pbxproj", "{FB16C8CD-0EE4-4A59-ADDE-A4CF39C2854E}"
EndProject
Project("{2150E333-8FDC-42A3-9474-1A3956D46DE8}") = "Libraries", "Libraries", "{8664501C-CEDC-4C7B-823E-08D7F37CD3C3}"
EndProject
Project("{8BC9CEB8-8B4A-11D0-8D11-00A0C91BC942}") = "GLES_Merge_.Shared", "GLES_Merge_.Shared\GLES_Merge_.Shared.vcxitems", "{980CD84D-BEDA-4058-8964-EB761F0CBD2F}"
EndProject
Project("{8BC9CEB8-8B4A-11D0-8D11-00A0C91BC942}") = "GLES_Merge_.Android.NativeActivity", "GLES_Merge_.Android.NativeActivity\GLES_Merge_.Android.NativeActivity.vcxproj", "{8B195DDF-3039-4F94-B7C3-707B0C886AF3}"
EndProject
Project("{8BC9CEB8-8B4A-11D0-8D11-00A0C91BC942}") = "GLES_Merge_.iOS.StaticLibrary", "GLES_Merge_.iOS.StaticLibrary\GLES_Merge_.iOS.StaticLibrary.vcxproj", "{AC2C7F5D-3584-4355-9910-69618934D250}"
EndProject
Global
	GlobalSection(SolutionConfigurationPlatforms) = preSolution
		Debug|ARM = Debug|ARM
		Debug|ARM64 = Debug|ARM64
		Debug|x64 = Debug|x64
		Debug|x86 = Debug|x86
		Release|ARM = Release|ARM
		Release|ARM64 = Release|ARM64
		Release|x64 = Release|x64
		Release|x86 = Release|x86
	EndGlobalSection
	GlobalSection(ProjectConfigurationPlatforms) = postSolution
		{3AB2F903-9223-4379-AA64-FEE60AD8C1C4}.Debug|ARM.ActiveCfg = Debug|ARM
		{3AB2F903-9223-4379-AA64-FEE60AD8C1C4}.Debug|ARM.Build.0 = Debug|ARM
		{3AB2F903-9223-4379-AA64-FEE60AD8C1C4}.Debug|ARM.Deploy.0 = Debug|ARM
		{3AB2F903-9223-4379-AA64-FEE60AD8C1C4}.Debug|ARM64.ActiveCfg = Debug|ARM64
		{3AB2F903-9223-4379-AA64-FEE60AD8C1C4}.Debug|ARM64.Build.0 = Debug|ARM64
		{3AB2F903-9223-4379-AA64-FEE60AD8C1C4}.Debug|ARM64.Deploy.0 = Debug|ARM64
		{3AB2F903-9223-4379-AA64-FEE60AD8C1C4}.Debug|x64.ActiveCfg = Debug|x64
		{3AB2F903-9223-4379-AA64-FEE60AD8C1C4}.Debug|x64.Build.0 = Debug|x64
		{3AB2F903-9223-4379-AA64-FEE60AD8C1C4}.Debug|x64.Deploy.0 = Debug|x64
		{3AB2F903-9223-4379-AA64-FEE60AD8C1C4}.Debug|x86.ActiveCfg = Debug|x86
		{3AB2F903-9223-4379-AA64-FEE60AD8C1C4}.Debug|x86.Build.0 = Debug|x86
		{3AB2F903-9223-4379-AA64-FEE60AD8C1C4}.Debug|x86.Deploy.0 = Debug|x86
		{3AB2F903-9223-4379-AA64-FEE60AD8C1C4}.Release|ARM.ActiveCfg = Release|ARM
		{3AB2F903-9223-4379-AA64-FEE60AD8C1C4}.Release|ARM.Build.0 = Release|ARM
		{3AB2F903-9223-4379-AA64-FEE60AD8C1C4}.Release|ARM.Deploy.0 = Release|ARM
		{3AB2F903-9223-4379-AA64-FEE60AD8C1C4}.Release|ARM64.ActiveCfg = Release|ARM64
		{3AB2F903-9223-4379-AA64-FEE60AD8C1C4}.Release|ARM64.Build.0 = Release|ARM64
		{3AB2F903-9223-4379-AA64-FEE60AD8C1C4}.Release|ARM64.Deploy.0 = Release|ARM64
		{3AB2F903-9223-4379-AA64-FEE60AD8C1C4}.Release|x64.ActiveCfg = Release|x64
		{3AB2F903-9223-4379-AA64-FEE60AD8C1C4}.Release|x64.Build.0 = Release|x64
		{3AB2F903-9223-4379-AA64-FEE60AD8C1C4}.Release|x64.Deploy.0 = Release|x64
		{3AB2F903-9223-4379-AA64-FEE60AD8C1C4}.Release|x86.ActiveCfg = Release|x86
		{3AB2F903-9223-4379-AA64-FEE60AD8C1C4}.Release|x86.Build.0 = Release|x86
		{3AB2F903-9223-4379-AA64-FEE60AD8C1C4}.Release|x86.Deploy.0 = Release|x86
		{FB16C8CD-0EE4-4A59-ADDE-A4CF39C2854E}.Debug|ARM.ActiveCfg = Debug|ARM
		{FB16C8CD-0EE4-4A59-ADDE-A4CF39C2854E}.Debug|ARM.Build.0 = Debug|ARM
		{FB16C8CD-0EE4-4A59-ADDE-A4CF39C2854E}.Debug|ARM.Deploy.0 = Debug|ARM
		{FB16C8CD-0EE4-4A59-ADDE-A4CF39C2854E}.Debug|ARM64.ActiveCfg = Debug|ARM64
		{FB16C8CD-0EE4-4A59-ADDE-A4CF39C2854E}.Debug|ARM64.Build.0 = Debug|ARM64
		{FB16C8CD-0EE4-4A59-ADDE-A4CF39C2854E}.Debug|ARM64.Deploy.0 = Debug|ARM64
		{FB16C8CD-0EE4-4A59-ADDE-A4CF39C2854E}.Debug|x64.ActiveCfg = Debug|x64
		{FB16C8CD-0EE4-4A59-ADDE-A4CF39C2854E}.Debug|x64.Build.0 = Debug|x64
		{FB16C8CD-0EE4-4A59-ADDE-A4CF39C2854E}.Debug|x64.Deploy.0 = Debug|x64
		{FB16C8CD-0EE4-4A59-ADDE-A4CF39C2854E}.Debug|x86.ActiveCfg = Debug|x86
		{FB16C8CD-0EE4-4A59-ADDE-A4CF39C2854E}.Debug|x86.Build.0 = Debug|x86
		{FB16C8CD-0EE4-4A59-ADDE-A4CF39C2854E}.Debug|x86.Deploy.0 = Debug|x86
		{FB16C8CD-0EE4-4A59-ADDE-A4CF39C2854E}.Release|ARM.ActiveCfg = Release|ARM
		{FB16C8CD-0EE4-4A59-ADDE-A4CF39C2854E}.Release|ARM.Build.0 = Release|ARM
		{FB16C8CD-0EE4-4A59-ADDE-A4CF39C2854E}.Release|ARM.Deploy.0 = Release|ARM
		{FB16C8CD-0EE4-4A59-ADDE-A4CF39C2854E}.Release|ARM64.ActiveCfg = Release|ARM64
		{FB16C8CD-0EE4-4A59-ADDE-A4CF39C2854E}.Release|ARM64.Build.0 = Release|ARM64
		{FB16C8CD-0EE4-4A59-ADDE-A4CF39C2854E}.Release|ARM64.Deploy.0 = Release|ARM64
		{FB16C8CD-0EE4-4A59-ADDE-A4CF39C2854E}.Release|x64.ActiveCfg = Release|x64
		{FB16C8CD-0EE4-4A59-ADDE-A4CF39C2854E}.Release|x64.Build.0 = Release|x64
		{FB16C8CD-0EE4-4A59-ADDE-A4CF39C2854E}.Release|x64.Deploy.0 = Release|x64
		{FB16C8CD-0EE4-4A59-ADDE-A4CF39C2854E}.Release|x86.ActiveCfg = Release|x86
		{FB16C8CD-0EE4-4A59-ADDE-A4CF39C2854E}.Release|x86.Build.0 = Release|x86
		{FB16C8CD-0EE4-4A59-ADDE-A4CF39C2854E}.Release|x86.Deploy.0 = Release|x86
		{8B195DDF-3039-4F94-B7C3-707B0C886AF3}.Debug|ARM.ActiveCfg = Debug|ARM
		{8B195DDF-3039-4F94-B7C3-707B0C886AF3}.Debug|ARM.Build.0 = Debug|ARM
		{8B195DDF-3039-4F94-B7C3-707B0C886AF3}.Debug|ARM64.ActiveCfg = Debug|ARM64
		{8B195DDF-3039-4F94-B7C3-707B0C886AF3}.Debug|ARM64.Build.0 = Debug|ARM64
		{8B195DDF-3039-4F94-B7C3-707B0C886AF3}.Debug|x64.ActiveCfg = Debug|x64
		{8B195DDF-3039-4F94-B7C3-707B0C886AF3}.Debug|x64.Build.0 = Debug|x64
		{8B195DDF-3039-4F94-B7C3-707B0C886AF3}.Debug|x86.ActiveCfg = Debug|x86
		{8B195DDF-3039-4F94-B7C3-707B0C886AF3}.Debug|x86.Build.0 = Debug|x86
		{8B195DDF-3039-4F94-B7C3-707B0C886AF3}.Release|ARM.ActiveCfg = Release|ARM
		{8B195DDF-3039-4F94-B7C3-707B0C886AF3}.Release|ARM.Build.0 = Release|ARM
		{8B195DDF-3039-4F94-B7C3-707B0C886AF3}.Release|ARM64.ActiveCfg = Release|ARM64
		{8B195DDF-3039-4F94-B7C3-707B0C886AF3}.Release|ARM64.Build.0 = Release|ARM64
		{8B195DDF-3039-4F94-B7C3-707B0C886AF3}.Release|x64.ActiveCfg = Release|x64
		{8B195DDF-3039-4F94-B7C3-707B0C886AF3}.Release|x64.Build.0 = Release|x64
		{8B195DDF-3039-4F94-B7C3-707B0C886AF3}.Release|x86.ActiveCfg = Release|x86
		{8B195DDF-3039-4F94-B7C3-707B0C886AF3}.Release|x86.Build.0 = Release|x86
		{AC2C7F5D-3584-4355-9910-69618934D250}.Debug|ARM.ActiveCfg = Debug|ARM
		{AC2C7F5D-3584-4355-9910-69618934D250}.Debug|ARM.Build.0 = Debug|ARM
		{AC2C7F5D-3584-4355-9910-69618934D250}.Debug|ARM64.ActiveCfg = Debug|ARM64
		{AC2C7F5D-3584-4355-9910-69618934D250}.Debug|ARM64.Build.0 = Debug|ARM64
		{AC2C7F5D-3584-4355-9910-69618934D250}.Debug|x64.ActiveCfg = Debug|x64
		{AC2C7F5D-3584-4355-9910-69618934D250}.Debug|x64.Build.0 = Debug|x64
		{AC2C7F5D-3584-4355-9910-69618934D250}.Debug|x86.ActiveCfg = Debug|x86
		{AC2C7F5D-3584-4355-9910-69618934D250}.Debug|x86.Build.0 = Debug|x86
		{AC2C7F5D-3584-4355-9910-69618934D250}.Release|ARM.ActiveCfg = Release|ARM
		{AC2C7F5D-3584-4355-9910-69618934D250}.Release|ARM.Build.0 = Release|ARM
		{AC2C7F5D-3584-4355-9910-69618934D250}.Release|ARM64.ActiveCfg = Release|ARM64
		{AC2C7F5D-3584-4355-9910-69618934D250}.Release|ARM64.Build.0 = Release|ARM64
		{AC2C7F5D-3584-4355-9910-69618934D250}.Release|x64.ActiveCfg = Release|x64
		{AC2C7F5D-3584-4355-9910-69618934D250}.Release|x64.Build.0 = Release|x64
		{AC2C7F5D-3584-4355-9910-69618934D250}.Release|x86.ActiveCfg = Release|x86
		{AC2C7F5D-3584-4355-9910-69618934D250}.Release|x86.Build.0 = Release|x86
	EndGlobalSection
	GlobalSection(SolutionProperties) = preSolution
		HideSolutionNode = FALSE
	EndGlobalSection
	GlobalSection(NestedProjects) = preSolution
		{3AB2F903-9223-4379-AA64-FEE60AD8C1C4} = {9BA283D4-C1A4-4272-ACA0-67FCB6B0BF12}
		{FB16C8CD-0EE4-4A59-ADDE-A4CF39C2854E} = {9BA283D4-C1A4-4272-ACA0-67FCB6B0BF12}
		{8664501C-CEDC-4C7B-823E-08D7F37CD3C3} = {9BA283D4-C1A4-4272-ACA0-67FCB6B0BF12}
		{980CD84D-BEDA-4058-8964-EB761F0CBD2F} = {8664501C-CEDC-4C7B-823E-08D7F37CD3C3}
		{8B195DDF-3039-4F94-B7C3-707B0C886AF3} = {8664501C-CEDC-4C7B-823E-08D7F37CD3C3}
		{AC2C7F5D-3584-4355-9910-69618934D250} = {8664501C-CEDC-4C7B-823E-08D7F37CD3C3}
	EndGlobalSection
	GlobalSection(ExtensibilityGlobals) = postSolution
		SolutionGuid = {8C194266-8405-4FDB-A481-8B82A2BEBABA}
	EndGlobalSection
	GlobalSection(SharedMSBuildProjectFiles) = preSolution
		GLES_Merge_.Shared\GLES_Merge_.Shared.vcxitems*{8b195ddf-3039-4f94-b7c3-707b0c886af3}*SharedItemsImports = 4
		GLES_Merge_.Shared\GLES_Merge_.Shared.vcxitems*{980cd84d-beda-4058-8964-eb761f0cbd2f}*SharedItemsImports = 9
		GLES_Merge_.Shared\GLES_Merge_.Shared.vcxitems*{ac2c7f5d-3584-4355-9910-69618934d250}*SharedItemsImports = 4
	EndGlobalSection
EndGlobal
